
Microsoft Visual Studio Solution File, Format Version 12.00
# Visual Studio Version 17
VisualStudioVersion = 17.13.35825.156 d17.13
MinimumVisualStudioVersion = 10.0.40219.1
Project("{FAE04EC0-301F-11D3-BF4B-00C04F79EFBC}") = "Portafolio", "Portafolio\Portafolio.csproj", "{CBAFB6AC-52A9-4052-80ED-401C26DF7BD9}"
EndProject
Project("{FAE04EC0-301F-11D3-BF4B-00C04F79EFBC}") = "PortafolioAPI", "PortafolioAPI\PortafolioAPI.csproj", "{0301532E-9460-4EEA-A550-7CC53543F8FF}"
EndProject
Global
	GlobalSection(SolutionConfigurationPlatforms) = preSolution
		Debug|Any CPU = Debug|Any CPU
		Release|Any CPU = Release|Any CPU
	EndGlobalSection
	GlobalSection(ProjectConfigurationPlatforms) = postSolution
		{CBAFB6AC-52A9-4052-80ED-401C26DF7BD9}.Debug|Any CPU.ActiveCfg = Debug|Any CPU
		{CBAFB6AC-52A9-4052-80ED-401C26DF7BD9}.Debug|Any CPU.Build.0 = Debug|Any CPU
		{CBAFB6AC-52A9-4052-80ED-401C26DF7BD9}.Release|Any CPU.ActiveCfg = Release|Any CPU
		{CBAFB6AC-52A9-4052-80ED-401C26DF7BD9}.Release|Any CPU.Build.0 = Release|Any CPU
		{0301532E-9460-4EEA-A550-7CC53543F8FF}.Debug|Any CPU.ActiveCfg = Debug|Any CPU
		{0301532E-9460-4EEA-A550-7CC53543F8FF}.Debug|Any CPU.Build.0 = Debug|Any CPU
		{0301532E-9460-4EEA-A550-7CC53543F8FF}.Release|Any CPU.ActiveCfg = Release|Any CPU
		{0301532E-9460-4EEA-A550-7CC53543F8FF}.Release|Any CPU.Build.0 = Release|Any CPU
	EndGlobalSection
	GlobalSection(SolutionProperties) = preSolution
		HideSolutionNode = FALSE
	EndGlobalSection
	GlobalSection(ExtensibilityGlobals) = postSolution
		SolutionGuid = {E20B8192-FDA2-413B-9933-4F3744440C17}
	EndGlobalSection
EndGlobal
